
Microsoft Visual Studio Solution File, Format Version 12.00
# Visual Studio Version 16
VisualStudioVersion = 16.0.29326.143
MinimumVisualStudioVersion = 10.0.40219.1
Project("{00D1A9C2-B5F0-4AF3-8072-F6C62B433612}") = "ddo_azuresqldw_dw", "ddo_azuresqldw_dw\ddo_azuresqldw_dw.sqlproj", "{AA416CF5-F184-4573-B591-7ED42A294421}"
EndProject
Global
	GlobalSection(SolutionConfigurationPlatforms) = preSolution
		Debug|Any CPU = Debug|Any CPU
		Release|Any CPU = Release|Any CPU
	EndGlobalSection
	GlobalSection(ProjectConfigurationPlatforms) = postSolution
		{AA416CF5-F184-4573-B591-7ED42A294421}.Debug|Any CPU.ActiveCfg = Debug|Any CPU
		{AA416CF5-F184-4573-B591-7ED42A294421}.Debug|Any CPU.Build.0 = Debug|Any CPU
		{AA416CF5-F184-4573-B591-7ED42A294421}.Debug|Any CPU.Deploy.0 = Debug|Any CPU
		{AA416CF5-F184-4573-B591-7ED42A294421}.Release|Any CPU.ActiveCfg = Release|Any CPU
		{AA416CF5-F184-4573-B591-7ED42A294421}.Release|Any CPU.Build.0 = Release|Any CPU
		{AA416CF5-F184-4573-B591-7ED42A294421}.Release|Any CPU.Deploy.0 = Release|Any CPU
	EndGlobalSection
	GlobalSection(SolutionProperties) = preSolution
		HideSolutionNode = FALSE
	EndGlobalSection
	GlobalSection(ExtensibilityGlobals) = postSolution
		SolutionGuid = {1B991B8B-9C61-481C-8B3C-CC2958974BA2}
	EndGlobalSection
EndGlobal
