
Microsoft Visual Studio Solution File, Format Version 12.00
# Visual Studio 15
VisualStudioVersion = 15.0.28307.645
MinimumVisualStudioVersion = 10.0.40219.1
Project("{00D1A9C2-B5F0-4AF3-8072-F6C62B433612}") = "ddo_samples_azuresql", "ddo_samples_azuresql\ddo_samples_azuresql.sqlproj", "{387EBFC5-ACB1-4445-A25F-D70D18D34C30}"
EndProject
Global
	GlobalSection(SolutionConfigurationPlatforms) = preSolution
		Debug|Any CPU = Debug|Any CPU
		Release|Any CPU = Release|Any CPU
	EndGlobalSection
	GlobalSection(ProjectConfigurationPlatforms) = postSolution
		{387EBFC5-ACB1-4445-A25F-D70D18D34C30}.Debug|Any CPU.ActiveCfg = Debug|Any CPU
		{387EBFC5-ACB1-4445-A25F-D70D18D34C30}.Debug|Any CPU.Build.0 = Debug|Any CPU
		{387EBFC5-ACB1-4445-A25F-D70D18D34C30}.Debug|Any CPU.Deploy.0 = Debug|Any CPU
		{387EBFC5-ACB1-4445-A25F-D70D18D34C30}.Release|Any CPU.ActiveCfg = Release|Any CPU
		{387EBFC5-ACB1-4445-A25F-D70D18D34C30}.Release|Any CPU.Build.0 = Release|Any CPU
		{387EBFC5-ACB1-4445-A25F-D70D18D34C30}.Release|Any CPU.Deploy.0 = Release|Any CPU
	EndGlobalSection
	GlobalSection(SolutionProperties) = preSolution
		HideSolutionNode = FALSE
	EndGlobalSection
	GlobalSection(ExtensibilityGlobals) = postSolution
		SolutionGuid = {D547B017-8D99-4D13-8CA6-E7BC0430B4E5}
	EndGlobalSection
EndGlobal
