
Microsoft Visual Studio Solution File, Format Version 12.00
# Visual Studio 15
VisualStudioVersion = 15.0.26124.0
MinimumVisualStudioVersion = 15.0.26124.0
Project("{FAE04EC0-301F-11D3-BF4B-00C04F79EFBC}") = "TemperatureEventsProj", "TemperatureEventsProj\TemperatureEventsProj.csproj", "{8BA48028-98B6-4D8A-B79B-2E2B6123E533}"
EndProject
Project("{FAE04EC0-301F-11D3-BF4B-00C04F79EFBC}") = "TemperatureEventsProj.Test", "TemperatureEventsProj.Test\TemperatureEventsProj.Test.csproj", "{EC2002E0-9B09-4671-BE46-85BEF2EE8B0E}"
EndProject
Global
	GlobalSection(SolutionConfigurationPlatforms) = preSolution
		Debug|Any CPU = Debug|Any CPU
		Debug|x64 = Debug|x64
		Debug|x86 = Debug|x86
		Release|Any CPU = Release|Any CPU
		Release|x64 = Release|x64
		Release|x86 = Release|x86
	EndGlobalSection
	GlobalSection(SolutionProperties) = preSolution
		HideSolutionNode = FALSE
	EndGlobalSection
	GlobalSection(ProjectConfigurationPlatforms) = postSolution
		{8BA48028-98B6-4D8A-B79B-2E2B6123E533}.Debug|Any CPU.ActiveCfg = Debug|Any CPU
		{8BA48028-98B6-4D8A-B79B-2E2B6123E533}.Debug|Any CPU.Build.0 = Debug|Any CPU
		{8BA48028-98B6-4D8A-B79B-2E2B6123E533}.Debug|x64.ActiveCfg = Debug|Any CPU
		{8BA48028-98B6-4D8A-B79B-2E2B6123E533}.Debug|x64.Build.0 = Debug|Any CPU
		{8BA48028-98B6-4D8A-B79B-2E2B6123E533}.Debug|x86.ActiveCfg = Debug|Any CPU
		{8BA48028-98B6-4D8A-B79B-2E2B6123E533}.Debug|x86.Build.0 = Debug|Any CPU
		{8BA48028-98B6-4D8A-B79B-2E2B6123E533}.Release|Any CPU.ActiveCfg = Release|Any CPU
		{8BA48028-98B6-4D8A-B79B-2E2B6123E533}.Release|Any CPU.Build.0 = Release|Any CPU
		{8BA48028-98B6-4D8A-B79B-2E2B6123E533}.Release|x64.ActiveCfg = Release|Any CPU
		{8BA48028-98B6-4D8A-B79B-2E2B6123E533}.Release|x64.Build.0 = Release|Any CPU
		{8BA48028-98B6-4D8A-B79B-2E2B6123E533}.Release|x86.ActiveCfg = Release|Any CPU
		{8BA48028-98B6-4D8A-B79B-2E2B6123E533}.Release|x86.Build.0 = Release|Any CPU
		{EC2002E0-9B09-4671-BE46-85BEF2EE8B0E}.Debug|Any CPU.ActiveCfg = Debug|Any CPU
		{EC2002E0-9B09-4671-BE46-85BEF2EE8B0E}.Debug|Any CPU.Build.0 = Debug|Any CPU
		{EC2002E0-9B09-4671-BE46-85BEF2EE8B0E}.Debug|x64.ActiveCfg = Debug|Any CPU
		{EC2002E0-9B09-4671-BE46-85BEF2EE8B0E}.Debug|x64.Build.0 = Debug|Any CPU
		{EC2002E0-9B09-4671-BE46-85BEF2EE8B0E}.Debug|x86.ActiveCfg = Debug|Any CPU
		{EC2002E0-9B09-4671-BE46-85BEF2EE8B0E}.Debug|x86.Build.0 = Debug|Any CPU
		{EC2002E0-9B09-4671-BE46-85BEF2EE8B0E}.Release|Any CPU.ActiveCfg = Release|Any CPU
		{EC2002E0-9B09-4671-BE46-85BEF2EE8B0E}.Release|Any CPU.Build.0 = Release|Any CPU
		{EC2002E0-9B09-4671-BE46-85BEF2EE8B0E}.Release|x64.ActiveCfg = Release|Any CPU
		{EC2002E0-9B09-4671-BE46-85BEF2EE8B0E}.Release|x64.Build.0 = Release|Any CPU
		{EC2002E0-9B09-4671-BE46-85BEF2EE8B0E}.Release|x86.ActiveCfg = Release|Any CPU
		{EC2002E0-9B09-4671-BE46-85BEF2EE8B0E}.Release|x86.Build.0 = Release|Any CPU
	EndGlobalSection
EndGlobal
